
Microsoft Visual Studio Solution File, Format Version 12.00
# Visual Studio 2015
Project("{FAE04EC0-301F-11D3-BF4B-00C04F79EFBC}") = "Projeto_PBV.CSharp.Plugins", "Projeto_PBV.CSharp.Plugins.csproj", "{F3F50FED-55A4-36DA-913D-E18B70F675A4}"
EndProject
Project("{FAE04EC0-301F-11D3-BF4B-00C04F79EFBC}") = "Projeto_PBV.CSharp", "Projeto_PBV.CSharp.csproj", "{6054E8AA-D726-F940-DBC6-567555FC70A2}"
EndProject
Project("{FAE04EC0-301F-11D3-BF4B-00C04F79EFBC}") = "Projeto_PBV.CSharp.Editor.Plugins", "Projeto_PBV.CSharp.Editor.Plugins.csproj", "{BC207C08-B177-1DB0-D9AD-565591DC7C30}"
EndProject
Project("{FAE04EC0-301F-11D3-BF4B-00C04F79EFBC}") = "Projeto_PBV.CSharp.Editor", "Projeto_PBV.CSharp.Editor.csproj", "{7AFABD10-E4FD-7067-C90C-8468808F07CB}"
EndProject
Global
	GlobalSection(SolutionConfigurationPlatforms) = preSolution
		Debug|Any CPU = Debug|Any CPU
		Release|Any CPU = Release|Any CPU
	EndGlobalSection
	GlobalSection(ProjectConfigurationPlatforms) = postSolution
		{F3F50FED-55A4-36DA-913D-E18B70F675A4}.Debug|Any CPU.ActiveCfg = Debug|Any CPU
		{F3F50FED-55A4-36DA-913D-E18B70F675A4}.Debug|Any CPU.Build.0 = Debug|Any CPU
		{F3F50FED-55A4-36DA-913D-E18B70F675A4}.Release|Any CPU.ActiveCfg = Release|Any CPU
		{F3F50FED-55A4-36DA-913D-E18B70F675A4}.Release|Any CPU.Build.0 = Release|Any CPU
		{6054E8AA-D726-F940-DBC6-567555FC70A2}.Debug|Any CPU.ActiveCfg = Debug|Any CPU
		{6054E8AA-D726-F940-DBC6-567555FC70A2}.Debug|Any CPU.Build.0 = Debug|Any CPU
		{6054E8AA-D726-F940-DBC6-567555FC70A2}.Release|Any CPU.ActiveCfg = Release|Any CPU
		{6054E8AA-D726-F940-DBC6-567555FC70A2}.Release|Any CPU.Build.0 = Release|Any CPU
		{BC207C08-B177-1DB0-D9AD-565591DC7C30}.Debug|Any CPU.ActiveCfg = Debug|Any CPU
		{BC207C08-B177-1DB0-D9AD-565591DC7C30}.Debug|Any CPU.Build.0 = Debug|Any CPU
		{BC207C08-B177-1DB0-D9AD-565591DC7C30}.Release|Any CPU.ActiveCfg = Release|Any CPU
		{BC207C08-B177-1DB0-D9AD-565591DC7C30}.Release|Any CPU.Build.0 = Release|Any CPU
		{7AFABD10-E4FD-7067-C90C-8468808F07CB}.Debug|Any CPU.ActiveCfg = Debug|Any CPU
		{7AFABD10-E4FD-7067-C90C-8468808F07CB}.Debug|Any CPU.Build.0 = Debug|Any CPU
		{7AFABD10-E4FD-7067-C90C-8468808F07CB}.Release|Any CPU.ActiveCfg = Release|Any CPU
		{7AFABD10-E4FD-7067-C90C-8468808F07CB}.Release|Any CPU.Build.0 = Release|Any CPU
	EndGlobalSection
	GlobalSection(SolutionProperties) = preSolution
		HideSolutionNode = FALSE
	EndGlobalSection
EndGlobal
