Microsoft Visual Studio Solution File, Format Version 11.00
# Visual Studio 2008

Project("{E84B101F-A8EA-1616-6A14-AC71D2DFC331}") = "Projeto_PBV", "Assembly-CSharp-firstpass.csproj", "{B7ACEC65-72A1-E58D-ED33-905777FB1452}"
EndProject
Project("{E84B101F-A8EA-1616-6A14-AC71D2DFC331}") = "Projeto_PBV", "Assembly-CSharp.csproj", "{F3F2897C-F1BA-1355-7E43-D2AE9901A69E}"
EndProject
Project("{E84B101F-A8EA-1616-6A14-AC71D2DFC331}") = "Projeto_PBV", "Assembly-CSharp-Editor-firstpass.csproj", "{A6785D2F-7003-2931-BAD6-69BEEDDA8B32}"
EndProject
Project("{E84B101F-A8EA-1616-6A14-AC71D2DFC331}") = "Projeto_PBV", "Assembly-CSharp-Editor.csproj", "{53F1C054-D89A-C590-7031-69AAF611E37E}"
EndProject
Global
	GlobalSection(SolutionConfigurationPlatforms) = preSolution
		Debug|Any CPU = Debug|Any CPU
		Release|Any CPU = Release|Any CPU
	EndGlobalSection
	GlobalSection(ProjectConfigurationPlatforms) = postSolution
		{B7ACEC65-72A1-E58D-ED33-905777FB1452}.Debug|Any CPU.ActiveCfg = Debug|Any CPU
		{B7ACEC65-72A1-E58D-ED33-905777FB1452}.Debug|Any CPU.Build.0 = Debug|Any CPU
		{B7ACEC65-72A1-E58D-ED33-905777FB1452}.Release|Any CPU.ActiveCfg = Release|Any CPU
		{B7ACEC65-72A1-E58D-ED33-905777FB1452}.Release|Any CPU.Build.0 = Release|Any CPU
		{F3F2897C-F1BA-1355-7E43-D2AE9901A69E}.Debug|Any CPU.ActiveCfg = Debug|Any CPU
		{F3F2897C-F1BA-1355-7E43-D2AE9901A69E}.Debug|Any CPU.Build.0 = Debug|Any CPU
		{F3F2897C-F1BA-1355-7E43-D2AE9901A69E}.Release|Any CPU.ActiveCfg = Release|Any CPU
		{F3F2897C-F1BA-1355-7E43-D2AE9901A69E}.Release|Any CPU.Build.0 = Release|Any CPU
		{A6785D2F-7003-2931-BAD6-69BEEDDA8B32}.Debug|Any CPU.ActiveCfg = Debug|Any CPU
		{A6785D2F-7003-2931-BAD6-69BEEDDA8B32}.Debug|Any CPU.Build.0 = Debug|Any CPU
		{A6785D2F-7003-2931-BAD6-69BEEDDA8B32}.Release|Any CPU.ActiveCfg = Release|Any CPU
		{A6785D2F-7003-2931-BAD6-69BEEDDA8B32}.Release|Any CPU.Build.0 = Release|Any CPU
		{53F1C054-D89A-C590-7031-69AAF611E37E}.Debug|Any CPU.ActiveCfg = Debug|Any CPU
		{53F1C054-D89A-C590-7031-69AAF611E37E}.Debug|Any CPU.Build.0 = Debug|Any CPU
		{53F1C054-D89A-C590-7031-69AAF611E37E}.Release|Any CPU.ActiveCfg = Release|Any CPU
		{53F1C054-D89A-C590-7031-69AAF611E37E}.Release|Any CPU.Build.0 = Release|Any CPU
	EndGlobalSection
	GlobalSection(SolutionProperties) = preSolution
		HideSolutionNode = FALSE
	EndGlobalSection
	GlobalSection(MonoDevelopProperties) = preSolution
		StartupItem = Assembly-CSharp.csproj
	EndGlobalSection
EndGlobal
